
Microsoft Visual Studio Solution File, Format Version 12.00
# Visual Studio 2012
Project("{FAE04EC0-301F-11D3-BF4B-00C04F79EFBC}") = "GiftShop", "GiftShop\GiftShop.csproj", "{F9A5C440-CA40-4E4A-AE94-DAB639CD0480}"
EndProject
Project("{FAE04EC0-301F-11D3-BF4B-00C04F79EFBC}") = "DataAccess", "DataAccess\DataAccess.csproj", "{2FEBAD96-7927-42A5-98E2-03852DA5EBB7}"
EndProject
Project("{FAE04EC0-301F-11D3-BF4B-00C04F79EFBC}") = "Utilities", "Utilities\Utilities.csproj", "{C626C7D1-236A-4D0C-A42A-7A3AFE8F71F3}"
EndProject
Global
	GlobalSection(SolutionConfigurationPlatforms) = preSolution
		Debug|Any CPU = Debug|Any CPU
		Release|Any CPU = Release|Any CPU
	EndGlobalSection
	GlobalSection(ProjectConfigurationPlatforms) = postSolution
		{F9A5C440-CA40-4E4A-AE94-DAB639CD0480}.Debug|Any CPU.ActiveCfg = Debug|Any CPU
		{F9A5C440-CA40-4E4A-AE94-DAB639CD0480}.Debug|Any CPU.Build.0 = Debug|Any CPU
		{F9A5C440-CA40-4E4A-AE94-DAB639CD0480}.Release|Any CPU.ActiveCfg = Release|Any CPU
		{F9A5C440-CA40-4E4A-AE94-DAB639CD0480}.Release|Any CPU.Build.0 = Release|Any CPU
		{2FEBAD96-7927-42A5-98E2-03852DA5EBB7}.Debug|Any CPU.ActiveCfg = Debug|Any CPU
		{2FEBAD96-7927-42A5-98E2-03852DA5EBB7}.Debug|Any CPU.Build.0 = Debug|Any CPU
		{2FEBAD96-7927-42A5-98E2-03852DA5EBB7}.Release|Any CPU.ActiveCfg = Release|Any CPU
		{2FEBAD96-7927-42A5-98E2-03852DA5EBB7}.Release|Any CPU.Build.0 = Release|Any CPU
		{C626C7D1-236A-4D0C-A42A-7A3AFE8F71F3}.Debug|Any CPU.ActiveCfg = Debug|Any CPU
		{C626C7D1-236A-4D0C-A42A-7A3AFE8F71F3}.Debug|Any CPU.Build.0 = Debug|Any CPU
		{C626C7D1-236A-4D0C-A42A-7A3AFE8F71F3}.Release|Any CPU.ActiveCfg = Release|Any CPU
		{C626C7D1-236A-4D0C-A42A-7A3AFE8F71F3}.Release|Any CPU.Build.0 = Release|Any CPU
	EndGlobalSection
	GlobalSection(SolutionProperties) = preSolution
		HideSolutionNode = FALSE
	EndGlobalSection
EndGlobal
